
Microsoft Visual Studio Solution File, Format Version 12.00
# Visual Studio 15
VisualStudioVersion = 15.0.27130.2010
MinimumVisualStudioVersion = 10.0.40219.1
Project("{FAE04EC0-301F-11D3-BF4B-00C04F79EFBC}") = "ECOPS", "ECOPS\ECOPS.csproj", "{5D39E32F-42C9-49CF-A3F6-3966F1DB5978}"
EndProject
Global
	GlobalSection(SolutionConfigurationPlatforms) = preSolution
		Debug|Any CPU = Debug|Any CPU
		Release|Any CPU = Release|Any CPU
	EndGlobalSection
	GlobalSection(ProjectConfigurationPlatforms) = postSolution
		{5D39E32F-42C9-49CF-A3F6-3966F1DB5978}.Debug|Any CPU.ActiveCfg = Debug|Any CPU
		{5D39E32F-42C9-49CF-A3F6-3966F1DB5978}.Debug|Any CPU.Build.0 = Debug|Any CPU
		{5D39E32F-42C9-49CF-A3F6-3966F1DB5978}.Release|Any CPU.ActiveCfg = Release|Any CPU
		{5D39E32F-42C9-49CF-A3F6-3966F1DB5978}.Release|Any CPU.Build.0 = Release|Any CPU
	EndGlobalSection
	GlobalSection(SolutionProperties) = preSolution
		HideSolutionNode = FALSE
	EndGlobalSection
	GlobalSection(ExtensibilityGlobals) = postSolution
		SolutionGuid = {3C6DA798-2829-4BED-9C37-C008BA1F1419}
	EndGlobalSection
EndGlobal
